PODS:
  - Realm (3.9.0):
    - Realm/Headers (= 3.9.0)
  - Realm/Headers (3.9.0)
  - RealmSwift (3.9.0):
    - Realm (= 3.9.0)

DEPENDENCIES:
  - RealmSwift

SPEC CHECKSUMS:
  Realm: 3d36f208bf3aff8335dc3298742140182bde4edb
  RealmSwift: aa4d11917bfcfaa3ed51f219102a487ecd895447

PODFILE CHECKSUM: a220e2fce4e286fb775463c0fdf9f6d6a0a77803

COCOAPODS: 1.4.0
